{
  "name": "videorecorderjs",
  "version": "1.0.1",
  "lockfileVersion": 1,
  "requires": true,
  "dependencies": {
    "ogv": {
      "version": "1.5.7",
      "resolved": "https://registry.npmjs.org/ogv/-/ogv-1.5.7.tgz",
      "integrity": "sha512-Q2d7D1Tb0g9cs6lOvS1s9skLzemudSPNECHsW6BMZ3DVKOA0JvE6pAHYE4koB7ynzkx+nHgLsOrdUi0HwsgFkQ=="
    },
    "promise-polyfill": {
      "version": "7.1.0",
      "resolved": "https://registry.npmjs.org/promise-polyfill/-/promise-polyfill-7.1.0.tgz",
      "integrity": "sha512-P6NJ2wU/8fac44ENORsuqT8TiolKGB2u0fEClPtXezn7w5cmLIjM/7mhPlTebke2EPr6tmqZbXvnX0TxwykGrg=="
    }
  }
}
